// !$*UTF8*$!
{
	archiveVersion = 1;
	classes = {
	};
	objectVersion = 77;
	objects = {

/* Begin PBXContainerItemProxy section */
		A97A36852E4F8DDF002739A1 /* PBXContainerItemProxy */ = {
			isa = PBXContainerItemProxy;
			containerPortal = A97A366F2E4F8DDF002739A1 /* Project object */;
			proxyType = 1;
			remoteGlobalIDString = A97A36762E4F8DDF002739A1;
			remoteInfo = MathNinja;
		};
		A97A368F2E4F8DE0002739A1 /* PBXContainerItemProxy */ = {
			isa = PBXContainerItemProxy;
			containerPortal = A97A366F2E4F8DDF002739A1 /* Project object */;
			proxyType = 1;
			remoteGlobalIDString = A97A36762E4F8DDF002739A1;
			remoteInfo = MathNinja;
		};
/* End PBXContainerItemProxy section */

/* Begin PBXFileReference section */
		A97A36772E4F8DDF002739A1 /* MathNinja.app */ = {isa = PBXFileReference; explicitFileType = wrapper.application; includeInIndex = 0; path = MathNinja.app; sourceTree = BUILT_PRODUCTS_DIR; };
		A97A36842E4F8DDF002739A1 /* MathNinjaTests.xctest */ = {isa = PBXFileReference; explicitFileType = wrapper.cfbundle; includeInIndex = 0; path = MathNinjaTests.xctest; sourceTree = BUILT_PRODUCTS_DIR; };
		A97A368E2E4F8DE0002739A1 /* MathNinjaUITests.xctest */ = {isa = PBXFileReference; explicitFileType = wrapper.cfbundle; includeInIndex = 0; path = MathNinjaUITests.xctest; sourceTree = BUILT_PRODUCTS_DIR; };
		A982C1BC2E5620B60018243D /* MathNinja.xctestplan */ = {isa = PBXFileReference; lastKnownFileType = text; path = MathNinja.xctestplan; sourceTree = "<group>"; };
		A9DE247E2E5620D2002D2D2F /* MathNinjaUITests.xctestplan */ = {isa = PBXFileReference; lastKnownFileType = text; path = MathNinjaUITests.xctestplan; sourceTree = "<group>"; };
/* End PBXFileReference section */

/* Begin PBXFileSystemSynchronizedBuildFileExceptionSet section */
		A982C1B72E5602760018243D /* Exceptions for "MathNinja" folder in "MathNinja" target */ = {
			isa = PBXFileSystemSynchronizedBuildFileExceptionSet;
			membershipExceptions = (
				Info.plist,
			);
			target = A97A36762E4F8DDF002739A1 /* MathNinja */;
		};
/* End PBXFileSystemSynchronizedBuildFileExceptionSet section */

/* Begin PBXFileSystemSynchronizedRootGroup section */
		A97A36792E4F8DDF002739A1 /* MathNinja */ = {
			isa = PBXFileSystemSynchronizedRootGroup;
			exceptions = (
				A982C1B72E5602760018243D /* Exceptions for "MathNinja" folder in "MathNinja" target */,
			);
			path = MathNinja;
			sourceTree = "<group>";
		};
		A97A36872E4F8DDF002739A1 /* MathNinjaTests */ = {
			isa = PBXFileSystemSynchronizedRootGroup;
			path = MathNinjaTests;
			sourceTree = "<group>";
		};
		A97A36912E4F8DE0002739A1 /* MathNinjaUITests */ = {
			isa = PBXFileSystemSynchronizedRootGroup;
			path = MathNinjaUITests;
			sourceTree = "<group>";
		};
/* End PBXFileSystemSynchronizedRootGroup section */

/* Begin PBXFrameworksBuildPhase section */
		A97A36742E4F8DDF002739A1 /* Frameworks */ = {
			isa = PBXFrameworksBuildPhase;
			buildActionMask = 2147483647;
			files = (
			);
			runOnlyForDeploymentPostprocessing = 0;
		};
		A97A36812E4F8DDF002739A1 /* Frameworks */ = {
			isa = PBXFrameworksBuildPhase;
			buildActionMask = 2147483647;
			files = (
			);
			runOnlyForDeploymentPostprocessing = 0;
		};
		A97A368B2E4F8DE0002739A1 /* Frameworks */ = {
			isa = PBXFrameworksBuildPhase;
			buildActionMask = 2147483647;
			files = (
			);
			runOnlyForDeploymentPostprocessing = 0;
		};
/* End PBXFrameworksBuildPhase section */

/* Begin PBXGroup section */
		A97A366E2E4F8DDF002739A1 = {
			isa = PBXGroup;
			children = (
				A9DE247E2E5620D2002D2D2F /* MathNinjaUITests.xctestplan */,
				A982C1BC2E5620B60018243D /* MathNinja.xctestplan */,
				A97A36792E4F8DDF002739A1 /* MathNinja */,
				A97A36872E4F8DDF002739A1 /* MathNinjaTests */,
				A97A36912E4F8DE0002739A1 /* MathNinjaUITests */,
				A97A36782E4F8DDF002739A1 /* Products */,
			);
			sourceTree = "<group>";
		};
		A97A36782E4F8DDF002739A1 /* Products */ = {
			isa = PBXGroup;
			children = (
				A97A36772E4F8DDF002739A1 /* MathNinja.app */,
				A97A36842E4F8DDF002739A1 /* MathNinjaTests.xctest */,
				A97A368E2E4F8DE0002739A1 /* MathNinjaUITests.xctest */,
			);
			name = Products;
			sourceTree = "<group>";
		};
/* End PBXGroup section */

/* Begin PBXNativeTarget section */
		A97A36762E4F8DDF002739A1 /* MathNinja */ = {
			isa = PBXNativeTarget;
			buildConfigurationList = A97A36982E4F8DE0002739A1 /* Build configuration list for PBXNativeTarget "MathNinja" */;
			buildPhases = (
				A97A36732E4F8DDF002739A1 /* Sources */,
				A97A36742E4F8DDF002739A1 /* Frameworks */,
				A97A36752E4F8DDF002739A1 /* Resources */,
			);
			buildRules = (
			);
			dependencies = (
			);
			fileSystemSynchronizedGroups = (
				A97A36792E4F8DDF002739A1 /* MathNinja */,
			);
			name = MathNinja;
			packageProductDependencies = (
			);
			productName = MathNinja;
			productReference = A97A36772E4F8DDF002739A1 /* MathNinja.app */;
			productType = "com.apple.product-type.application";
		};
		A97A36832E4F8DDF002739A1 /* MathNinjaTests */ = {
			isa = PBXNativeTarget;
			buildConfigurationList = A97A369B2E4F8DE0002739A1 /* Build configuration list for PBXNativeTarget "MathNinjaTests" */;
			buildPhases = (
				A97A36802E4F8DDF002739A1 /* Sources */,
				A97A36812E4F8DDF002739A1 /* Frameworks */,
				A97A36822E4F8DDF002739A1 /* Resources */,
			);
			buildRules = (
			);
			dependencies = (
				A97A36862E4F8DDF002739A1 /* PBXTargetDependency */,
			);
			fileSystemSynchronizedGroups = (
				A97A36872E4F8DDF002739A1 /* MathNinjaTests */,
			);
			name = MathNinjaTests;
			packageProductDependencies = (
			);
			productName = MathNinjaTests;
			productReference = A97A36842E4F8DDF002739A1 /* MathNinjaTests.xctest */;
			productType = "com.apple.product-type.bundle.unit-test";
		};
		A97A368D2E4F8DE0002739A1 /* MathNinjaUITests */ = {
			isa = PBXNativeTarget;
			buildConfigurationList = A97A369E2E4F8DE0002739A1 /* Build configuration list for PBXNativeTarget "MathNinjaUITests" */;
			buildPhases = (
				A97A368A2E4F8DE0002739A1 /* Sources */,
				A97A368B2E4F8DE0002739A1 /* Frameworks */,
				A97A368C2E4F8DE0002739A1 /* Resources */,
			);
			buildRules = (
			);
			dependencies = (
				A97A36902E4F8DE0002739A1 /* PBXTargetDependency */,
			);
			fileSystemSynchronizedGroups = (
				A97A36912E4F8DE0002739A1 /* MathNinjaUITests */,
			);
			name = MathNinjaUITests;
			packageProductDependencies = (
			);
			productName = MathNinjaUITests;
			productReference = A97A368E2E4F8DE0002739A1 /* MathNinjaUITests.xctest */;
			productType = "com.apple.product-type.bundle.ui-testing";
		};
/* End PBXNativeTarget section */

/* Begin PBXProject section */
		A97A366F2E4F8DDF002739A1 /* Project object */ = {
			isa = PBXProject;
			attributes = {
				BuildIndependentTargetsInParallel = 1;
				LastSwiftUpdateCheck = 1640;
				LastUpgradeCheck = 2600;
				TargetAttributes = {
					A97A36762E4F8DDF002739A1 = {
						CreatedOnToolsVersion = 16.4;
					};
					A97A36832E4F8DDF002739A1 = {
						CreatedOnToolsVersion = 16.4;
						TestTargetID = A97A36762E4F8DDF002739A1;
					};
					A97A368D2E4F8DE0002739A1 = {
						CreatedOnToolsVersion = 16.4;
						TestTargetID = A97A36762E4F8DDF002739A1;
					};
				};
			};
			buildConfigurationList = A97A36722E4F8DDF002739A1 /* Build configuration list for PBXProject "MathNinja" */;
			developmentRegion = en;
			hasScannedForEncodings = 0;
			knownRegions = (
				en,
				Base,
			);
			mainGroup = A97A366E2E4F8DDF002739A1;
			minimizedProjectReferenceProxies = 1;
			preferredProjectObjectVersion = 77;
			productRefGroup = A97A36782E4F8DDF002739A1 /* Products */;
			projectDirPath = "";
			projectRoot = "";
			targets = (
				A97A36762E4F8DDF002739A1 /* MathNinja */,
				A97A36832E4F8DDF002739A1 /* MathNinjaTests */,
				A97A368D2E4F8DE0002739A1 /* MathNinjaUITests */,
			);
		};
/* End PBXProject section */

/* Begin PBXResourcesBuildPhase section */
		A97A36752E4F8DDF002739A1 /* Resources */ = {
			isa = PBXResourcesBuildPhase;
			buildActionMask = 2147483647;
			files = (
			);
			runOnlyForDeploymentPostprocessing = 0;
		};
		A97A36822E4F8DDF002739A1 /* Resources */ = {
			isa = PBXResourcesBuildPhase;
			buildActionMask = 2147483647;
			files = (
			);
			runOnlyForDeploymentPostprocessing = 0;
		};
		A97A368C2E4F8DE0002739A1 /* Resources */ = {
			isa = PBXResourcesBuildPhase;
			buildActionMask = 2147483647;
			files = (
			);
			runOnlyForDeploymentPostprocessing = 0;
		};
/* End PBXResourcesBuildPhase section */

/* Begin PBXSourcesBuildPhase section */
		A97A36732E4F8DDF002739A1 /* Sources */ = {
			isa = PBXSourcesBuildPhase;
			buildActionMask = 2147483647;
			files = (
			);
			runOnlyForDeploymentPostprocessing = 0;
		};
		A97A36802E4F8DDF002739A1 /* Sources */ = {
			isa = PBXSourcesBuildPhase;
			buildActionMask = 2147483647;
			files = (
			);
			runOnlyForDeploymentPostprocessing = 0;
		};
		A97A368A2E4F8DE0002739A1 /* Sources */ = {
			isa = PBXSourcesBuildPhase;
			buildActionMask = 2147483647;
			files = (
			);
			runOnlyForDeploymentPostprocessing = 0;
		};
/* End PBXSourcesBuildPhase section */

/* Begin PBXTargetDependency section */
		A97A36862E4F8DDF002739A1 /* PBXTargetDependency */ = {
			isa = PBXTargetDependency;
			target = A97A36762E4F8DDF002739A1 /* MathNinja */;
			targetProxy = A97A36852E4F8DDF002739A1 /* PBXContainerItemProxy */;
		};
		A97A36902E4F8DE0002739A1 /* PBXTargetDependency */ = {
			isa = PBXTargetDependency;
			target = A97A36762E4F8DDF002739A1 /* MathNinja */;
			targetProxy = A97A368F2E4F8DE0002739A1 /* PBXContainerItemProxy */;
		};
/* End PBXTargetDependency section */

/* Begin XCBuildConfiguration section */
		A97A36962E4F8DE0002739A1 /* Debug */ = {
			isa = XCBuildConfiguration;
			buildSettings = {
				ALWAYS_SEARCH_USER_PATHS = NO;
				ASSETCATALOG_COMPILER_GENERATE_SWIFT_ASSET_SYMBOL_EXTENSIONS = YES;
				CLANG_ANALYZER_NONNULL = YES;
				CLANG_ANALYZER_NUMBER_OBJECT_CONVERSION = YES_AGGRESSIVE;
				CLANG_CXX_LANGUAGE_STANDARD = "gnu++20";
				CLANG_ENABLE_MODULES = YES;
				CLANG_ENABLE_OBJC_ARC = YES;
				CLANG_ENABLE_OBJC_WEAK = YES;
				CLANG_WARN_BLOCK_CAPTURE_AUTORELEASING = YES;
				CLANG_WARN_BOOL_CONVERSION = YES;
				CLANG_WARN_COMMA = YES;
				CLANG_WARN_CONSTANT_CONVERSION = YES;
				CLANG_WARN_DEPRECATED_OBJC_IMPLEMENTATIONS = YES;
				CLANG_WARN_DIRECT_OBJC_ISA_USAGE = YES_ERROR;
				CLANG_WARN_DOCUMENTATION_COMMENTS = YES;
				CLANG_WARN_EMPTY_BODY = YES;
				CLANG_WARN_ENUM_CONVERSION = YES;
				CLANG_WARN_INFINITE_RECURSION = YES;
				CLANG_WARN_INT_CONVERSION = YES;
				CLANG_WARN_NON_LITERAL_NULL_CONVERSION = YES;
				CLANG_WARN_OBJC_IMPLICIT_RETAIN_SELF = YES;
				CLANG_WARN_OBJC_LITERAL_CONVERSION = YES;
				CLANG_WARN_OBJC_ROOT_CLASS = YES_ERROR;
				CLANG_WARN_QUOTED_INCLUDE_IN_FRAMEWORK_HEADER = YES;
				CLANG_WARN_RANGE_LOOP_ANALYSIS = YES;
				CLANG_WARN_STRICT_PROTOTYPES = YES;
				CLANG_WARN_SUSPICIOUS_MOVE = YES;
				CLANG_WARN_UNGUARDED_AVAILABILITY = YES_AGGRESSIVE;
				CLANG_WARN_UNREACHABLE_CODE = YES;
				CLANG_WARN__DUPLICATE_METHOD_MATCH = YES;
				COPY_PHASE_STRIP = NO;
				DEBUG_INFORMATION_FORMAT = dwarf;
				DEVELOPMENT_TEAM = 2UC73TESRT;
				ENABLE_STRICT_OBJC_MSGSEND = YES;
				ENABLE_TESTABILITY = YES;
				ENABLE_USER_SCRIPT_SANDBOXING = YES;
				GCC_C_LANGUAGE_STANDARD = gnu17;
				GCC_DYNAMIC_NO_PIC = NO;
				GCC_NO_COMMON_BLOCKS = YES;
				GCC_OPTIMIZATION_LEVEL = 0;
				GCC_PREPROCESSOR_DEFINITIONS = (
					"DEBUG=1",
					"$(inherited)",
				);
				GCC_WARN_64_TO_32_BIT_CONVERSION = YES;
				GCC_WARN_ABOUT_RETURN_TYPE = YES_ERROR;
				GCC_WARN_UNDECLARED_SELECTOR = YES;
				GCC_WARN_UNINITIALIZED_AUTOS = YES_AGGRESSIVE;
				GCC_WARN_UNUSED_FUNCTION = YES;
				GCC_WARN_UNUSED_VARIABLE = YES;
				IPHONEOS_DEPLOYMENT_TARGET = 18.5;
				LOCALIZATION_PREFERS_STRING_CATALOGS = YES;
				MTL_ENABLE_DEBUG_INFO = INCLUDE_SOURCE;
				MTL_FAST_MATH = YES;
				ONLY_ACTIVE_ARCH = YES;
				SDKROOT = iphoneos;
				STRING_CATALOG_GENERATE_SYMBOLS = YES;
				SWIFT_ACTIVE_COMPILATION_CONDITIONS = "DEBUG $(inherited)";
				SWIFT_OPTIMIZATION_LEVEL = "-Onone";
			};
			name = Debug;
		};
		A97A36972E4F8DE0002739A1 /* Release */ = {
			isa = XCBuildConfiguration;
			buildSettings = {
				ALWAYS_SEARCH_USER_PATHS = NO;
				ASSETCATALOG_COMPILER_GENERATE_SWIFT_ASSET_SYMBOL_EXTENSIONS = YES;
				CLANG_ANALYZER_NONNULL = YES;
				CLANG_ANALYZER_NUMBER_OBJECT_CONVERSION = YES_AGGRESSIVE;
				CLANG_CXX_LANGUAGE_STANDARD = "gnu++20";
				CLANG_ENABLE_MODULES = YES;
				CLANG_ENABLE_OBJC_ARC = YES;
				CLANG_ENABLE_OBJC_WEAK = YES;
				CLANG_WARN_BLOCK_CAPTURE_AUTORELEASING = YES;
				CLANG_WARN_BOOL_CONVERSION = YES;
				CLANG_WARN_COMMA = YES;
				CLANG_WARN_CONSTANT_CONVERSION = YES;
				CLANG_WARN_DEPRECATED_OBJC_IMPLEMENTATIONS = YES;
				CLANG_WARN_DIRECT_OBJC_ISA_USAGE = YES_ERROR;
				CLANG_WARN_DOCUMENTATION_COMMENTS = YES;
				CLANG_WARN_EMPTY_BODY = YES;
				CLANG_WARN_ENUM_CONVERSION = YES;
				CLANG_WARN_INFINITE_RECURSION = YES;
				CLANG_WARN_INT_CONVERSION = YES;
				CLANG_WARN_NON_LITERAL_NULL_CONVERSION = YES;
				CLANG_WARN_OBJC_IMPLICIT_RETAIN_SELF = YES;
				CLANG_WARN_OBJC_LITERAL_CONVERSION = YES;
				CLANG_WARN_OBJC_ROOT_CLASS = YES_ERROR;
				CLANG_WARN_QUOTED_INCLUDE_IN_FRAMEWORK_HEADER = YES;
				CLANG_WARN_RANGE_LOOP_ANALYSIS = YES;
				CLANG_WARN_STRICT_PROTOTYPES = YES;
				CLANG_WARN_SUSPICIOUS_MOVE = YES;
				CLANG_WARN_UNGUARDED_AVAILABILITY = YES_AGGRESSIVE;
				CLANG_WARN_UNREACHABLE_CODE = YES;
				CLANG_WARN__DUPLICATE_METHOD_MATCH = YES;
				COPY_PHASE_STRIP = NO;
				DEBUG_INFORMATION_FORMAT = "dwarf-with-dsym";
				DEVELOPMENT_TEAM = 2UC73TESRT;
				ENABLE_NS_ASSERTIONS = NO;
				ENABLE_STRICT_OBJC_MSGSEND = YES;
				ENABLE_USER_SCRIPT_SANDBOXING = YES;
				GCC_C_LANGUAGE_STANDARD = gnu17;
				GCC_NO_COMMON_BLOCKS = YES;
				GCC_WARN_64_TO_32_BIT_CONVERSION = YES;
				GCC_WARN_ABOUT_RETURN_TYPE = YES_ERROR;
				GCC_WARN_UNDECLARED_SELECTOR = YES;
				GCC_WARN_UNINITIALIZED_AUTOS = YES_AGGRESSIVE;
				GCC_WARN_UNUSED_FUNCTION = YES;
				GCC_WARN_UNUSED_VARIABLE = YES;
				IPHONEOS_DEPLOYMENT_TARGET = 18.5;
				LOCALIZATION_PREFERS_STRING_CATALOGS = YES;
				MTL_ENABLE_DEBUG_INFO = NO;
				MTL_FAST_MATH = YES;
				SDKROOT = iphoneos;
				STRING_CATALOG_GENERATE_SYMBOLS = YES;
				SWIFT_COMPILATION_MODE = wholemodule;
				VALIDATE_PRODUCT = YES;
			};
			name = Release;
		};
		A97A36992E4F8DE0002739A1 /* Debug */ = {
			isa = XCBuildConfiguration;
			buildSettings = {
				ASSETCATALOG_COMPILER_APPICON_NAME = AppIcon;
				ASSETCATALOG_COMPILER_GLOBAL_ACCENT_COLOR_NAME = AccentColor;
				CODE_SIGN_ENTITLEMENTS = MathNinja/MathNinjaDebug.entitlements;
				CODE_SIGN_STYLE = Automatic;
				CURRENT_PROJECT_VERSION = 1;
				DEVELOPMENT_TEAM = 2UC73TESRT;
				ENABLE_PREVIEWS = YES;
				GENERATE_INFOPLIST_FILE = YES;
				INFOPLIST_FILE = MathNinja/Info.plist;
				INFOPLIST_KEY_CFBundleDisplayName = "Multiply Ninja";
				INFOPLIST_KEY_ITSAppUsesNonExemptEncryption = NO;
				INFOPLIST_KEY_UIApplicationSupportsIndirectInputEvents = YES;
				INFOPLIST_KEY_UILaunchScreen_Generation = YES;
				INFOPLIST_KEY_UISupportedInterfaceOrientations = "UIInterfaceOrientationPortrait UIInterfaceOrientationPortraitUpsideDown";
				LD_RUNPATH_SEARCH_PATHS = (
					"$(inherited)",
					"@executable_path/Frameworks",
				);
				MARKETING_VERSION = 3.0;
				PRODUCT_BUNDLE_IDENTIFIER = moneeb.sayed.MathNinja;
				PRODUCT_NAME = "$(TARGET_NAME)";
				SUPPORTED_PLATFORMS = "iphoneos iphonesimulator";
				SUPPORTS_MACCATALYST = NO;
				SWIFT_EMIT_LOC_STRINGS = YES;
				SWIFT_VERSION = 5.0;
				TARGETED_DEVICE_FAMILY = "1,2";
			};
			name = Debug;
		};
		A97A369A2E4F8DE0002739A1 /* Release */ = {
			isa = XCBuildConfiguration;
			buildSettings = {
				ASSETCATALOG_COMPILER_APPICON_NAME = AppIcon;
				ASSETCATALOG_COMPILER_GLOBAL_ACCENT_COLOR_NAME = AccentColor;
				CODE_SIGN_STYLE = Automatic;
				CURRENT_PROJECT_VERSION = 1;
				DEVELOPMENT_TEAM = 2UC73TESRT;
				ENABLE_PREVIEWS = YES;
				GENERATE_INFOPLIST_FILE = YES;
				INFOPLIST_FILE = MathNinja/Info.plist;
				INFOPLIST_KEY_CFBundleDisplayName = "Multiply Ninja";
				INFOPLIST_KEY_ITSAppUsesNonExemptEncryption = NO;
				INFOPLIST_KEY_UIApplicationSupportsIndirectInputEvents = YES;
				INFOPLIST_KEY_UILaunchScreen_Generation = YES;
				INFOPLIST_KEY_UISupportedInterfaceOrientations = "UIInterfaceOrientationPortrait UIInterfaceOrientationPortraitUpsideDown";
				LD_RUNPATH_SEARCH_PATHS = (
					"$(inherited)",
					"@executable_path/Frameworks",
				);
				MARKETING_VERSION = 3.0;
				PRODUCT_BUNDLE_IDENTIFIER = moneeb.sayed.MathNinja;
				PRODUCT_NAME = "$(TARGET_NAME)";
				SUPPORTED_PLATFORMS = "iphoneos iphonesimulator";
				SUPPORTS_MACCATALYST = NO;
				SWIFT_EMIT_LOC_STRINGS = YES;
				SWIFT_VERSION = 5.0;
				TARGETED_DEVICE_FAMILY = "1,2";
			};
			name = Release;
		};
		A97A369C2E4F8DE0002739A1 /* Debug */ = {
			isa = XCBuildConfiguration;
			buildSettings = {
				BUNDLE_LOADER = "$(TEST_HOST)";
				CODE_SIGN_STYLE = Automatic;
				CURRENT_PROJECT_VERSION = 1;
				DEVELOPMENT_TEAM = 2UC73TESRT;
				GENERATE_INFOPLIST_FILE = YES;
				IPHONEOS_DEPLOYMENT_TARGET = 18.5;
				MARKETING_VERSION = 1.0;
				PRODUCT_BUNDLE_IDENTIFIER = moneeb.sayed.MathNinja.MathNinjaTests;
				PRODUCT_NAME = "$(TARGET_NAME)";
				SWIFT_EMIT_LOC_STRINGS = NO;
				SWIFT_VERSION = 5.0;
				TARGETED_DEVICE_FAMILY = "1,2";
				TEST_HOST = "$(BUILT_PRODUCTS_DIR)/MathNinja.app/$(BUNDLE_EXECUTABLE_FOLDER_PATH)/MathNinja";
			};
			name = Debug;
		};
		A97A369D2E4F8DE0002739A1 /* Release */ = {
			isa = XCBuildConfiguration;
			buildSettings = {
				BUNDLE_LOADER = "$(TEST_HOST)";
				CODE_SIGN_STYLE = Automatic;
				CURRENT_PROJECT_VERSION = 1;
				DEVELOPMENT_TEAM = 2UC73TESRT;
				GENERATE_INFOPLIST_FILE = YES;
				IPHONEOS_DEPLOYMENT_TARGET = 18.5;
				MARKETING_VERSION = 1.0;
				PRODUCT_BUNDLE_IDENTIFIER = moneeb.sayed.MathNinja.MathNinjaTests;
				PRODUCT_NAME = "$(TARGET_NAME)";
				SWIFT_EMIT_LOC_STRINGS = NO;
				SWIFT_VERSION = 5.0;
				TARGETED_DEVICE_FAMILY = "1,2";
				TEST_HOST = "$(BUILT_PRODUCTS_DIR)/MathNinja.app/$(BUNDLE_EXECUTABLE_FOLDER_PATH)/MathNinja";
			};
			name = Release;
		};
		A97A369F2E4F8DE0002739A1 /* Debug */ = {
			isa = XCBuildConfiguration;
			buildSettings = {
				CODE_SIGN_STYLE = Automatic;
				CURRENT_PROJECT_VERSION = 1;
				DEVELOPMENT_TEAM = 2UC73TESRT;
				GENERATE_INFOPLIST_FILE = YES;
				MARKETING_VERSION = 1.0;
				PRODUCT_BUNDLE_IDENTIFIER = com.moneebsayed.mathninja.MathNinjaUITests;
				PRODUCT_NAME = "$(TARGET_NAME)";
				SWIFT_EMIT_LOC_STRINGS = NO;
				SWIFT_VERSION = 5.0;
				TARGETED_DEVICE_FAMILY = "1,2";
				TEST_TARGET_NAME = MathNinja;
			};
			name = Debug;
		};
		A97A36A02E4F8DE0002739A1 /* Release */ = {
			isa = XCBuildConfiguration;
			buildSettings = {
				CODE_SIGN_STYLE = Automatic;
				CURRENT_PROJECT_VERSION = 1;
				DEVELOPMENT_TEAM = 2UC73TESRT;
				GENERATE_INFOPLIST_FILE = YES;
				MARKETING_VERSION = 1.0;
				PRODUCT_BUNDLE_IDENTIFIER = com.moneebsayed.mathninja.MathNinjaUITests;
				PRODUCT_NAME = "$(TARGET_NAME)";
				SWIFT_EMIT_LOC_STRINGS = NO;
				SWIFT_VERSION = 5.0;
				TARGETED_DEVICE_FAMILY = "1,2";
				TEST_TARGET_NAME = MathNinja;
			};
			name = Release;
		};
/* End XCBuildConfiguration section */

/* Begin XCConfigurationList section */
		A97A36722E4F8DDF002739A1 /* Build configuration list for PBXProject "MathNinja" */ = {
			isa = XCConfigurationList;
			buildConfigurations = (
				A97A36962E4F8DE0002739A1 /* Debug */,
				A97A36972E4F8DE0002739A1 /* Release */,
			);
			defaultConfigurationIsVisible = 0;
			defaultConfigurationName = Release;
		};
		A97A36982E4F8DE0002739A1 /* Build configuration list for PBXNativeTarget "MathNinja" */ = {
			isa = XCConfigurationList;
			buildConfigurations = (
				A97A36992E4F8DE0002739A1 /* Debug */,
				A97A369A2E4F8DE0002739A1 /* Release */,
			);
			defaultConfigurationIsVisible = 0;
			defaultConfigurationName = Release;
		};
		A97A369B2E4F8DE0002739A1 /* Build configuration list for PBXNativeTarget "MathNinjaTests" */ = {
			isa = XCConfigurationList;
			buildConfigurations = (
				A97A369C2E4F8DE0002739A1 /* Debug */,
				A97A369D2E4F8DE0002739A1 /* Release */,
			);
			defaultConfigurationIsVisible = 0;
			defaultConfigurationName = Release;
		};
		A97A369E2E4F8DE0002739A1 /* Build configuration list for PBXNativeTarget "MathNinjaUITests" */ = {
			isa = XCConfigurationList;
			buildConfigurations = (
				A97A369F2E4F8DE0002739A1 /* Debug */,
				A97A36A02E4F8DE0002739A1 /* Release */,
			);
			defaultConfigurationIsVisible = 0;
			defaultConfigurationName = Release;
		};
/* End XCConfigurationList section */
	};
	rootObject = A97A366F2E4F8DDF002739A1 /* Project object */;
}
